
Microsoft Visual Studio Solution File, Format Version 12.00
# Visual Studio Version 17
VisualStudioVersion = 17.6.33815.320
MinimumVisualStudioVersion = 10.0.40219.1
Project("{FAE04EC0-301F-11D3-BF4B-00C04F79EFBC}") = "KatAM Object Editor", "KatAM Object Editor.csproj", "{A8D4C5E9-D51B-4C42-BE09-F6732E182474}"
EndProject
Global
	GlobalSection(SolutionConfigurationPlatforms) = preSolution
		Debug|Any CPU = Debug|Any CPU
		Release|Any CPU = Release|Any CPU
	EndGlobalSection
	GlobalSection(ProjectConfigurationPlatforms) = postSolution
		{A8D4C5E9-D51B-4C42-BE09-F6732E182474}.Debug|Any CPU.ActiveCfg = Debug|Any CPU
		{A8D4C5E9-D51B-4C42-BE09-F6732E182474}.Debug|Any CPU.Build.0 = Debug|Any CPU
		{A8D4C5E9-D51B-4C42-BE09-F6732E182474}.Release|Any CPU.ActiveCfg = Release|Any CPU
		{A8D4C5E9-D51B-4C42-BE09-F6732E182474}.Release|Any CPU.Build.0 = Release|Any CPU
	EndGlobalSection
	GlobalSection(SolutionProperties) = preSolution
		HideSolutionNode = FALSE
	EndGlobalSection
	GlobalSection(ExtensibilityGlobals) = postSolution
		SolutionGuid = {9192548E-8891-4ADA-8418-8A48AE58CD9F}
	EndGlobalSection
EndGlobal
